
Microsoft Visual Studio Solution File, Format Version 12.00
# Visual Studio Version 16
VisualStudioVersion = 16.0.32228.343
MinimumVisualStudioVersion = 10.0.40219.1
Project("{FAE04EC0-301F-11D3-BF4B-00C04F79EFBC}") = "Static2", "Static2\Static2.csproj", "{9EA5C155-1F67-40F1-8B13-775B4F06C772}"
EndProject
Global
	GlobalSection(SolutionConfigurationPlatforms) = preSolution
		Debug|Any CPU = Debug|Any CPU
		Release|Any CPU = Release|Any CPU
	EndGlobalSection
	GlobalSection(ProjectConfigurationPlatforms) = postSolution
		{9EA5C155-1F67-40F1-8B13-775B4F06C772}.Debug|Any CPU.ActiveCfg = Debug|Any CPU
		{9EA5C155-1F67-40F1-8B13-775B4F06C772}.Debug|Any CPU.Build.0 = Debug|Any CPU
		{9EA5C155-1F67-40F1-8B13-775B4F06C772}.Release|Any CPU.ActiveCfg = Release|Any CPU
		{9EA5C155-1F67-40F1-8B13-775B4F06C772}.Release|Any CPU.Build.0 = Release|Any CPU
	EndGlobalSection
	GlobalSection(SolutionProperties) = preSolution
		HideSolutionNode = FALSE
	EndGlobalSection
	GlobalSection(ExtensibilityGlobals) = postSolution
		SolutionGuid = {15B6CAF1-A6FA-41AB-B392-5D2BD48A92D8}
	EndGlobalSection
EndGlobal
